
Microsoft Visual Studio Solution File, Format Version 12.00
# Visual Studio Version 17
VisualStudioVersion = 17.11.35327.3
MinimumVisualStudioVersion = 10.0.40219.1
Project("{9A19103F-16F7-4668-BE54-9A1E7A4F7556}") = "ldvs.Core", "ldvs.Core\ldvs.Core.csproj", "{D2E94854-8C28-43B9-8BFF-7A9126ADF27A}"
EndProject
Project("{9A19103F-16F7-4668-BE54-9A1E7A4F7556}") = "ldvs.DesktopGL", "ldvs.DesktopGL\ldvs.DesktopGL.csproj", "{E8EE4842-CC82-44A3-983A-6C797A3258A0}"
EndProject
Global
	GlobalSection(SolutionConfigurationPlatforms) = preSolution
		Debug|Any CPU = Debug|Any CPU
		Release|Any CPU = Release|Any CPU
	EndGlobalSection
	GlobalSection(ProjectConfigurationPlatforms) = postSolution
		{D2E94854-8C28-43B9-8BFF-7A9126ADF27A}.Debug|Any CPU.ActiveCfg = Debug|Any CPU
		{D2E94854-8C28-43B9-8BFF-7A9126ADF27A}.Debug|Any CPU.Build.0 = Debug|Any CPU
		{D2E94854-8C28-43B9-8BFF-7A9126ADF27A}.Release|Any CPU.ActiveCfg = Release|Any CPU
		{D2E94854-8C28-43B9-8BFF-7A9126ADF27A}.Release|Any CPU.Build.0 = Release|Any CPU
		{E8EE4842-CC82-44A3-983A-6C797A3258A0}.Debug|Any CPU.ActiveCfg = Debug|Any CPU
		{E8EE4842-CC82-44A3-983A-6C797A3258A0}.Debug|Any CPU.Build.0 = Debug|Any CPU
		{E8EE4842-CC82-44A3-983A-6C797A3258A0}.Release|Any CPU.ActiveCfg = Release|Any CPU
		{E8EE4842-CC82-44A3-983A-6C797A3258A0}.Release|Any CPU.Build.0 = Release|Any CPU
	EndGlobalSection
	GlobalSection(SolutionProperties) = preSolution
		HideSolutionNode = FALSE
	EndGlobalSection
EndGlobal
